github.com/flowchartsman/retry v1.2.0 h1:qDhlw6RNufXz6RGr+IiYimFpMMkt77SUSHY5tgFaUCU=
github.com/flowchartsman/retry v1.2.0/go.mod h1:+sfx8OgCCiAr3t5jh2Gk+T0fRTI+k52edaYxURQxY64=
github.com/getsyntegrity/go-specs v0.3.3 h1:jP1E71uhvz29fgDZbb5QyGgxJYipZojHBF8IHZMIDps=
github.com/getsyntegrity/go-specs v0.3.3/go.mod h1:aCL4z/2SIwyuC4f4VxIU2EuycJMt+K7tSc/I0C7oqGI=
github.com/google/go-cmp v0.7.0 h1:wk8382ETsv4JYUZwIsn6YpYiWiBsYLSJiTsyBybVuN8=
github.com/google/go-cmp v0.7.0/go.mod h1:pXiqmnSA92OHEEa9HXL2W4E7lf9JzCmGVUdgjX3N/iU=
github.com/klauspost/compress v1.20.1 h1:T7kKElXUMXrUJ2E9QhQhxFtcK5rPyLdsGZvdbLMPdiQ=
github.com/klauspost/compress v1.20.1/go.mod h1:LUdAzn7YLVvxLpc7y3V1m40wESHTgc1422pwwBSKYuI=
github.com/nats-io/nats.go v1.54.0 h1:vsXoOxjHp/GmPUN+EcI7uOf/uB+iAP+kEsAFNQN0yzA=
github.com/nats-io/nats.go v1.54.0/go.mod h1:y+DZoD1oBOYfZTU681eTUiUjI0vbqYGixNVFHcjHJ0k=
github.com/nats-io/nkeys v0.4.16 h1:rd5oAuLOb8mnAycB0xleuEBNS1pVVnN0fv/FF34Eypg=
github.com/nats-io/nkeys v0.4.16/go.mod h1:llLgWoI0o4z/Q57q2R1kHfmocyhGV6VG/U18Glg1Afs=
github.com/nats-io/nuid v1.0.1 h1:5iA8DT8V7q8WK2EScv2padNa/rTESc1KdnPw4TC2paw=
github.com/nats-io/nuid v1.0.1/go.mod h1:19wcPz3Ph3q0Jbyiqsd0kePYG7A95tJPxeL+1OSON2c=
github.com/stretchr/testify v1.12.1 h1:EuwCh5fleGS7H32xRwO3wRGT7DxrDhLAT6FF8MpWDWE=
github.com/stretchr/testify v1.12.1/go.mod h1:MDEgiDPPsNp5cuIrHPPCyornHKgEVbtFUmoNlxoYthg=
github.com/tochemey/gopack v0.2.1 h1:WWXVwAE53Wt4yzY51fk0t+BrLn5ihnKCriG3zhmgYQ8=
github.com/tochemey/gopack v0.2.1/go.mod h1:jqSr6gmih+Ne4PSbStMoeRkzsIQh58bt2JujufBXdms=
go.uber.org/atomic v1.12.0 h1:BvcXdFKuviU4fTL/f+SxdQ5qJX/Jix8pAkgdUcb3XOE=
go.uber.org/atomic v1.12.0/go.mod h1:I6c4cg+6HCxRjfjSsYtApoFILnpc0CGUdGkXVqbYVNk=
go.uber.org/multierr v1.11.0 h1:blXXJkSxSSfBVBlC76pxqeO+LN3aDfLQo+309xJstO0=
go.uber.org/multierr v1.11.0/go.mod h1:20+QtiLqy0Nd6FdQB9TLXag12DsQkrbs3htMFfDN80Y=
go.yaml.in/yaml/v3 v3.0.5 h1:N6y/pJk8buWs9NY5ERU2HSMfm+IuD/OtfdAnq6kESPw=
go.yaml.in/yaml/v3 v3.0.5/go.mod h1:HVTZu1O7/Vkt2N+BFy8Zza+lnLsABggaTM2ZpNIGuKg=
golang.org/x/crypto v0.57.0 h1:3ZVCjf8Ggz7zneR/EHRVx68Ctf+2pmIMP2UFhh9cC6M=
golang.org/x/crypto v0.57.0/go.mod h1:Fdz0i5U6CoizGwLda9DttjSk6qlZo25zYNtR+ycvuZA=
golang.org/x/sys v0.48.0 h1:bbX/i/6MgT9BVLM9RT1thmxL04yeTAhbEz4SyadbXoo=
golang.org/x/sys v0.48.0/go.mod h1:hNLxWAXmnKAxqDtdwIYC4bM9oQPEecfsnNMuSxOs3og=
google.golang.org/protobuf v1.36.12 h1:pJOKDDOyeXErUroCihFAd5LQuwXBSpVnKGrj5o/fwxc=
google.golang.org/protobuf v1.36.12/go.mod h1:HTf+CrKn2C3g5S8VImy6tdcUvCska2kB7j23XfzDpco=
